// !$*UTF8*$!
{
	archiveVersion = 1;
	classes = {
	};
	objectVersion = 46;
	objects = {

/* Begin PBXBuildFile section */
		D57818D91CFC3107002E5F24 /* UIView+DGSlimeBoom.m in Sources */ = {isa = PBXBuildFile; fileRef = D57818D81CFC3107002E5F24 /* UIView+DGSlimeBoom.m */; };
		D57818DC1CFC3624002E5F24 /* UIImage+DGSlimeBoom.m in Sources */ = {isa = PBXBuildFile; fileRef = D57818DB1CFC3624002E5F24 /* UIImage+DGSlimeBoom.m */; };
		D5B31A481CFACA3000E2F5E7 /* main.m in Sources */ = {isa = PBXBuildFile; fileRef = D5B31A471CFACA3000E2F5E7 /* main.m */; };
		D5B31A4B1CFACA3000E2F5E7 /* AppDelegate.m in Sources */ = {isa = PBXBuildFile; fileRef = D5B31A4A1CFACA3000E2F5E7 /* AppDelegate.m */; };
		D5B31A4E1CFACA3000E2F5E7 /* ViewController.m in Sources */ = {isa = PBXBuildFile; fileRef = D5B31A4D1CFACA3000E2F5E7 /* ViewController.m */; };
		D5B31A511CFACA3000E2F5E7 /* Main.storyboard in Resources */ = {isa = PBXBuildFile; fileRef = D5B31A4F1CFACA3000E2F5E7 /* Main.storyboard */; };
		D5B31A531CFACA3000E2F5E7 /* Assets.xcassets in Resources */ = {isa = PBXBuildFile; fileRef = D5B31A521CFACA3000E2F5E7 /* Assets.xcassets */; };
		D5B31A561CFACA3000E2F5E7 /* LaunchScreen.storyboard in Resources */ = {isa = PBXBuildFile; fileRef = D5B31A541CFACA3000E2F5E7 /* LaunchScreen.storyboard */; };
		D5B31A601CFACA8100E2F5E7 /* DGSlimeView.m in Sources */ = {isa = PBXBuildFile; fileRef = D5B31A5F1CFACA8100E2F5E7 /* DGSlimeView.m */; };
		D5B31A631CFACEA000E2F5E7 /* DGSlimeDotView.m in Sources */ = {isa = PBXBuildFile; fileRef = D5B31A621CFACEA000E2F5E7 /* DGSlimeDotView.m */; };
		D5B31A681CFAD13500E2F5E7 /* DGMathToolKit.m in Sources */ = {isa = PBXBuildFile; fileRef = D5B31A671CFAD13500E2F5E7 /* DGMathToolKit.m */; };
/* End PBXBuildFile section */

/* Begin PBXContainerItemProxy section */
		D5B31A721CFB30B000E2F5E7 /* PBXContainerItemProxy */ = {
			isa = PBXContainerItemProxy;
			containerPortal = D5B31A3B1CFACA3000E2F5E7 /* Project object */;
			proxyType = 1;
			remoteGlobalIDString = D5B31A421CFACA3000E2F5E7;
			remoteInfo = DGSlimeView;
		};
		D5B31A801CFB383100E2F5E7 /* PBXContainerItemProxy */ = {
			isa = PBXContainerItemProxy;
			containerPortal = D5B31A3B1CFACA3000E2F5E7 /* Project object */;
			proxyType = 1;
			remoteGlobalIDString = D5B31A421CFACA3000E2F5E7;
			remoteInfo = DGSlimeView;
		};
/* End PBXContainerItemProxy section */

/* Begin PBXFileReference section */
		D57818D71CFC3107002E5F24 /* UIView+DGSlimeBoom.h */ = {isa = PBXFileReference; fileEncoding = 4; lastKnownFileType = sourcecode.c.h; path = "UIView+DGSlimeBoom.h"; sourceTree = "<group>"; };
		D57818D81CFC3107002E5F24 /* UIView+DGSlimeBoom.m */ = {isa = PBXFileReference; fileEncoding = 4; lastKnownFileType = sourcecode.c.objc; path = "UIView+DGSlimeBoom.m"; sourceTree = "<group>"; };
		D57818DA1CFC3624002E5F24 /* UIImage+DGSlimeBoom.h */ = {isa = PBXFileReference; fileEncoding = 4; lastKnownFileType = sourcecode.c.h; path = "UIImage+DGSlimeBoom.h"; sourceTree = "<group>"; };
		D57818DB1CFC3624002E5F24 /* UIImage+DGSlimeBoom.m */ = {isa = PBXFileReference; fileEncoding = 4; lastKnownFileType = sourcecode.c.objc; path = "UIImage+DGSlimeBoom.m"; sourceTree = "<group>"; };
		D5B31A431CFACA3000E2F5E7 /* DGSlimeView.app */ = {isa = PBXFileReference; explicitFileType = wrapper.application; includeInIndex = 0; path = DGSlimeView.app; sourceTree = BUILT_PRODUCTS_DIR; };
		D5B31A471CFACA3000E2F5E7 /* main.m */ = {isa = PBXFileReference; lastKnownFileType = sourcecode.c.objc; path = main.m; sourceTree = "<group>"; };
		D5B31A491CFACA3000E2F5E7 /* AppDelegate.h */ = {isa = PBXFileReference; lastKnownFileType = sourcecode.c.h; path = AppDelegate.h; sourceTree = "<group>"; };
		D5B31A4A1CFACA3000E2F5E7 /* AppDelegate.m */ = {isa = PBXFileReference; lastKnownFileType = sourcecode.c.objc; path = AppDelegate.m; sourceTree = "<group>"; };
		D5B31A4C1CFACA3000E2F5E7 /* ViewController.h */ = {isa = PBXFileReference; lastKnownFileType = sourcecode.c.h; path = ViewController.h; sourceTree = "<group>"; };
		D5B31A4D1CFACA3000E2F5E7 /* ViewController.m */ = {isa = PBXFileReference; lastKnownFileType = sourcecode.c.objc; path = ViewController.m; sourceTree = "<group>"; };
		D5B31A501CFACA3000E2F5E7 /* Base */ = {isa = PBXFileReference; lastKnownFileType = file.storyboard; name = Base; path = Base.lproj/Main.storyboard; sourceTree = "<group>"; };
		D5B31A521CFACA3000E2F5E7 /* Assets.xcassets */ = {isa = PBXFileReference; lastKnownFileType = folder.assetcatalog; path = Assets.xcassets; sourceTree = "<group>"; };
		D5B31A551CFACA3000E2F5E7 /* Base */ = {isa = PBXFileReference; lastKnownFileType = file.storyboard; name = Base; path = Base.lproj/LaunchScreen.storyboard; sourceTree = "<group>"; };
		D5B31A571CFACA3000E2F5E7 /* Info.plist */ = {isa = PBXFileReference; lastKnownFileType = text.plist.xml; path = Info.plist; sourceTree = "<group>"; };
		D5B31A5E1CFACA8100E2F5E7 /* DGSlimeView.h */ = {isa = PBXFileReference; fileEncoding = 4; lastKnownFileType = sourcecode.c.h; path = DGSlimeView.h; sourceTree = "<group>"; };
		D5B31A5F1CFACA8100E2F5E7 /* DGSlimeView.m */ = {isa = PBXFileReference; fileEncoding = 4; lastKnownFileType = sourcecode.c.objc; path = DGSlimeView.m; sourceTree = "<group>"; };
		D5B31A611CFACEA000E2F5E7 /* DGSlimeDotView.h */ = {isa = PBXFileReference; fileEncoding = 4; lastKnownFileType = sourcecode.c.h; path = DGSlimeDotView.h; sourceTree = "<group>"; };
		D5B31A621CFACEA000E2F5E7 /* DGSlimeDotView.m */ = {isa = PBXFileReference; fileEncoding = 4; lastKnownFileType = sourcecode.c.objc; path = DGSlimeDotView.m; sourceTree = "<group>"; };
		D5B31A651CFACF3800E2F5E7 /* CommonHeader.h */ = {isa = PBXFileReference; lastKnownFileType = sourcecode.c.h; path = CommonHeader.h; sourceTree = "<group>"; };
		D5B31A661CFAD13500E2F5E7 /* DGMathToolKit.h */ = {isa = PBXFileReference; fileEncoding = 4; lastKnownFileType = sourcecode.c.h; path = DGMathToolKit.h; sourceTree = "<group>"; };
		D5B31A671CFAD13500E2F5E7 /* DGMathToolKit.m */ = {isa = PBXFileReference; fileEncoding = 4; lastKnownFileType = sourcecode.c.objc; path = DGMathToolKit.m; sourceTree = "<group>"; };
		D5B31A6D1CFB30B000E2F5E7 /* DGSlimeViewTests.xctest */ = {isa = PBXFileReference; explicitFileType = wrapper.cfbundle; includeInIndex = 0; path = DGSlimeViewTests.xctest; sourceTree = BUILT_PRODUCTS_DIR; };
		D5B31A7B1CFB383100E2F5E7 /* DGSlimeViewUITests.xctest */ = {isa = PBXFileReference; explicitFileType = wrapper.cfbundle; includeInIndex = 0; path = DGSlimeViewUITests.xctest; sourceTree = BUILT_PRODUCTS_DIR; };
/* End PBXFileReference section */

/* Begin PBXFrameworksBuildPhase section */
		D5B31A401CFACA3000E2F5E7 /* Frameworks */ = {
			isa = PBXFrameworksBuildPhase;
			buildActionMask = 2147483647;
			files = (
			);
			runOnlyForDeploymentPostprocessing = 0;
		};
		D5B31A6A1CFB30B000E2F5E7 /* Frameworks */ = {
			isa = PBXFrameworksBuildPhase;
			buildActionMask = 2147483647;
			files = (
			);
			runOnlyForDeploymentPostprocessing = 0;
		};
		D5B31A781CFB383100E2F5E7 /* Frameworks */ = {
			isa = PBXFrameworksBuildPhase;
			buildActionMask = 2147483647;
			files = (
			);
			runOnlyForDeploymentPostprocessing = 0;
		};
/* End PBXFrameworksBuildPhase section */

/* Begin PBXGroup section */
		D5B31A3A1CFACA3000E2F5E7 = {
			isa = PBXGroup;
			children = (
				D5B31A451CFACA3000E2F5E7 /* DGSlimeView */,
				D5B31A441CFACA3000E2F5E7 /* Products */,
			);
			sourceTree = "<group>";
		};
		D5B31A441CFACA3000E2F5E7 /* Products */ = {
			isa = PBXGroup;
			children = (
				D5B31A431CFACA3000E2F5E7 /* DGSlimeView.app */,
				D5B31A6D1CFB30B000E2F5E7 /* DGSlimeViewTests.xctest */,
				D5B31A7B1CFB383100E2F5E7 /* DGSlimeViewUITests.xctest */,
			);
			name = Products;
			sourceTree = "<group>";
		};
		D5B31A451CFACA3000E2F5E7 /* DGSlimeView */ = {
			isa = PBXGroup;
			children = (
				D5B31A641CFACF1D00E2F5E7 /* Helper */,
				D5B31A5D1CFACA5F00E2F5E7 /* DGSlimeView */,
				D5B31A491CFACA3000E2F5E7 /* AppDelegate.h */,
				D5B31A4A1CFACA3000E2F5E7 /* AppDelegate.m */,
				D5B31A4C1CFACA3000E2F5E7 /* ViewController.h */,
				D5B31A4D1CFACA3000E2F5E7 /* ViewController.m */,
				D5B31A4F1CFACA3000E2F5E7 /* Main.storyboard */,
				D5B31A521CFACA3000E2F5E7 /* Assets.xcassets */,
				D5B31A541CFACA3000E2F5E7 /* LaunchScreen.storyboard */,
				D5B31A571CFACA3000E2F5E7 /* Info.plist */,
				D5B31A461CFACA3000E2F5E7 /* Supporting Files */,
			);
			path = DGSlimeView;
			sourceTree = "<group>";
		};
		D5B31A461CFACA3000E2F5E7 /* Supporting Files */ = {
			isa = PBXGroup;
			children = (
				D5B31A471CFACA3000E2F5E7 /* main.m */,
			);
			name = "Supporting Files";
			sourceTree = "<group>";
		};
		D5B31A5D1CFACA5F00E2F5E7 /* DGSlimeView */ = {
			isa = PBXGroup;
			children = (
				D5B31A5E1CFACA8100E2F5E7 /* DGSlimeView.h */,
				D5B31A5F1CFACA8100E2F5E7 /* DGSlimeView.m */,
				D5B31A611CFACEA000E2F5E7 /* DGSlimeDotView.h */,
				D5B31A621CFACEA000E2F5E7 /* DGSlimeDotView.m */,
				D57818D71CFC3107002E5F24 /* UIView+DGSlimeBoom.h */,
				D57818D81CFC3107002E5F24 /* UIView+DGSlimeBoom.m */,
				D57818DA1CFC3624002E5F24 /* UIImage+DGSlimeBoom.h */,
				D57818DB1CFC3624002E5F24 /* UIImage+DGSlimeBoom.m */,
			);
			name = DGSlimeView;
			sourceTree = "<group>";
		};
		D5B31A641CFACF1D00E2F5E7 /* Helper */ = {
			isa = PBXGroup;
			children = (
				D5B31A651CFACF3800E2F5E7 /* CommonHeader.h */,
				D5B31A661CFAD13500E2F5E7 /* DGMathToolKit.h */,
				D5B31A671CFAD13500E2F5E7 /* DGMathToolKit.m */,
			);
			name = Helper;
			sourceTree = "<group>";
		};
/* End PBXGroup section */

/* Begin PBXNativeTarget section */
		D5B31A421CFACA3000E2F5E7 /* DGSlimeView */ = {
			isa = PBXNativeTarget;
			buildConfigurationList = D5B31A5A1CFACA3000E2F5E7 /* Build configuration list for PBXNativeTarget "DGSlimeView" */;
			buildPhases = (
				D5B31A3F1CFACA3000E2F5E7 /* Sources */,
				D5B31A401CFACA3000E2F5E7 /* Frameworks */,
				D5B31A411CFACA3000E2F5E7 /* Resources */,
			);
			buildRules = (
			);
			dependencies = (
			);
			name = DGSlimeView;
			productName = DGSlimeView;
			productReference = D5B31A431CFACA3000E2F5E7 /* DGSlimeView.app */;
			productType = "com.apple.product-type.application";
		};
		D5B31A6C1CFB30B000E2F5E7 /* DGSlimeViewTests */ = {
			isa = PBXNativeTarget;
			buildConfigurationList = D5B31A741CFB30B000E2F5E7 /* Build configuration list for PBXNativeTarget "DGSlimeViewTests" */;
			buildPhases = (
				D5B31A691CFB30B000E2F5E7 /* Sources */,
				D5B31A6A1CFB30B000E2F5E7 /* Frameworks */,
				D5B31A6B1CFB30B000E2F5E7 /* Resources */,
			);
			buildRules = (
			);
			dependencies = (
				D5B31A731CFB30B000E2F5E7 /* PBXTargetDependency */,
			);
			name = DGSlimeViewTests;
			productName = DGSlimeViewTests;
			productReference = D5B31A6D1CFB30B000E2F5E7 /* DGSlimeViewTests.xctest */;
			productType = "com.apple.product-type.bundle.unit-test";
		};
		D5B31A7A1CFB383100E2F5E7 /* DGSlimeViewUITests */ = {
			isa = PBXNativeTarget;
			buildConfigurationList = D5B31A821CFB383100E2F5E7 /* Build configuration list for PBXNativeTarget "DGSlimeViewUITests" */;
			buildPhases = (
				D5B31A771CFB383100E2F5E7 /* Sources */,
				D5B31A781CFB383100E2F5E7 /* Frameworks */,
				D5B31A791CFB383100E2F5E7 /* Resources */,
			);
			buildRules = (
			);
			dependencies = (
				D5B31A811CFB383100E2F5E7 /* PBXTargetDependency */,
			);
			name = DGSlimeViewUITests;
			productName = DGSlimeViewUITests;
			productReference = D5B31A7B1CFB383100E2F5E7 /* DGSlimeViewUITests.xctest */;
			productType = "com.apple.product-type.bundle.ui-testing";
		};
/* End PBXNativeTarget section */

/* Begin PBXProject section */
		D5B31A3B1CFACA3000E2F5E7 /* Project object */ = {
			isa = PBXProject;
			attributes = {
				LastUpgradeCheck = 0730;
				ORGANIZATIONNAME = Desgard_Duan;
				TargetAttributes = {
					D5B31A421CFACA3000E2F5E7 = {
						CreatedOnToolsVersion = 7.3;
					};
					D5B31A6C1CFB30B000E2F5E7 = {
						CreatedOnToolsVersion = 7.3;
						TestTargetID = D5B31A421CFACA3000E2F5E7;
					};
					D5B31A7A1CFB383100E2F5E7 = {
						CreatedOnToolsVersion = 7.3;
						TestTargetID = D5B31A421CFACA3000E2F5E7;
					};
				};
			};
			buildConfigurationList = D5B31A3E1CFACA3000E2F5E7 /* Build configuration list for PBXProject "DGSlimeView" */;
			compatibilityVersion = "Xcode 3.2";
			developmentRegion = English;
			hasScannedForEncodings = 0;
			knownRegions = (
				en,
				Base,
			);
			mainGroup = D5B31A3A1CFACA3000E2F5E7;
			productRefGroup = D5B31A441CFACA3000E2F5E7 /* Products */;
			projectDirPath = "";
			projectRoot = "";
			targets = (
				D5B31A421CFACA3000E2F5E7 /* DGSlimeView */,
				D5B31A6C1CFB30B000E2F5E7 /* DGSlimeViewTests */,
				D5B31A7A1CFB383100E2F5E7 /* DGSlimeViewUITests */,
			);
		};
/* End PBXProject section */

/* Begin PBXResourcesBuildPhase section */
		D5B31A411CFACA3000E2F5E7 /* Resources */ = {
			isa = PBXResourcesBuildPhase;
			buildActionMask = 2147483647;
			files = (
				D5B31A561CFACA3000E2F5E7 /* LaunchScreen.storyboard in Resources */,
				D5B31A531CFACA3000E2F5E7 /* Assets.xcassets in Resources */,
				D5B31A511CFACA3000E2F5E7 /* Main.storyboard in Resources */,
			);
			runOnlyForDeploymentPostprocessing = 0;
		};
		D5B31A6B1CFB30B000E2F5E7 /* Resources */ = {
			isa = PBXResourcesBuildPhase;
			buildActionMask = 2147483647;
			files = (
			);
			runOnlyForDeploymentPostprocessing = 0;
		};
		D5B31A791CFB383100E2F5E7 /* Resources */ = {
			isa = PBXResourcesBuildPhase;
			buildActionMask = 2147483647;
			files = (
			);
			runOnlyForDeploymentPostprocessing = 0;
		};
/* End PBXResourcesBuildPhase section */

/* Begin PBXSourcesBuildPhase section */
		D5B31A3F1CFACA3000E2F5E7 /* Sources */ = {
			isa = PBXSourcesBuildPhase;
			buildActionMask = 2147483647;
			files = (
				D5B31A601CFACA8100E2F5E7 /* DGSlimeView.m in Sources */,
				D5B31A681CFAD13500E2F5E7 /* DGMathToolKit.m in Sources */,
				D5B31A4E1CFACA3000E2F5E7 /* ViewController.m in Sources */,
				D5B31A4B1CFACA3000E2F5E7 /* AppDelegate.m in Sources */,
				D5B31A631CFACEA000E2F5E7 /* DGSlimeDotView.m in Sources */,
				D57818D91CFC3107002E5F24 /* UIView+DGSlimeBoom.m in Sources */,
				D57818DC1CFC3624002E5F24 /* UIImage+DGSlimeBoom.m in Sources */,
				D5B31A481CFACA3000E2F5E7 /* main.m in Sources */,
			);
			runOnlyForDeploymentPostprocessing = 0;
		};
		D5B31A691CFB30B000E2F5E7 /* Sources */ = {
			isa = PBXSourcesBuildPhase;
			buildActionMask = 2147483647;
			files = (
			);
			runOnlyForDeploymentPostprocessing = 0;
		};
		D5B31A771CFB383100E2F5E7 /* Sources */ = {
			isa = PBXSourcesBuildPhase;
			buildActionMask = 2147483647;
			files = (
			);
			runOnlyForDeploymentPostprocessing = 0;
		};
/* End PBXSourcesBuildPhase section */

/* Begin PBXTargetDependency section */
		D5B31A731CFB30B000E2F5E7 /* PBXTargetDependency */ = {
			isa = PBXTargetDependency;
			target = D5B31A421CFACA3000E2F5E7 /* DGSlimeView */;
			targetProxy = D5B31A721CFB30B000E2F5E7 /* PBXContainerItemProxy */;
		};
		D5B31A811CFB383100E2F5E7 /* PBXTargetDependency */ = {
			isa = PBXTargetDependency;
			target = D5B31A421CFACA3000E2F5E7 /* DGSlimeView */;
			targetProxy = D5B31A801CFB383100E2F5E7 /* PBXContainerItemProxy */;
		};
/* End PBXTargetDependency section */

/* Begin PBXVariantGroup section */
		D5B31A4F1CFACA3000E2F5E7 /* Main.storyboard */ = {
			isa = PBXVariantGroup;
			children = (
				D5B31A501CFACA3000E2F5E7 /* Base */,
			);
			name = Main.storyboard;
			sourceTree = "<group>";
		};
		D5B31A541CFACA3000E2F5E7 /* LaunchScreen.storyboard */ = {
			isa = PBXVariantGroup;
			children = (
				D5B31A551CFACA3000E2F5E7 /* Base */,
			);
			name = LaunchScreen.storyboard;
			sourceTree = "<group>";
		};
/* End PBXVariantGroup section */

/* Begin XCBuildConfiguration section */
		D5B31A581CFACA3000E2F5E7 /* Debug */ = {
			isa = XCBuildConfiguration;
			buildSettings = {
				ALWAYS_SEARCH_USER_PATHS = NO;
				CLANG_ANALYZER_NONNULL = YES;
				CLANG_CXX_LANGUAGE_STANDARD = "gnu++0x";
				CLANG_CXX_LIBRARY = "libc++";
				CLANG_ENABLE_MODULES = YES;
				CLANG_ENABLE_OBJC_ARC = YES;
				CLANG_WARN_BOOL_CONVERSION = YES;
				CLANG_WARN_CONSTANT_CONVERSION = YES;
				CLANG_WARN_DIRECT_OBJC_ISA_USAGE = YES_ERROR;
				CLANG_WARN_EMPTY_BODY = YES;
				CLANG_WARN_ENUM_CONVERSION = YES;
				CLANG_WARN_INT_CONVERSION = YES;
				CLANG_WARN_OBJC_ROOT_CLASS = YES_ERROR;
				CLANG_WARN_UNREACHABLE_CODE = YES;
				CLANG_WARN__DUPLICATE_METHOD_MATCH = YES;
				"CODE_SIGN_IDENTITY[sdk=iphoneos*]" = "iPhone Developer";
				COPY_PHASE_STRIP = NO;
				DEBUG_INFORMATION_FORMAT = dwarf;
				ENABLE_STRICT_OBJC_MSGSEND = YES;
				ENABLE_TESTABILITY = YES;
				GCC_C_LANGUAGE_STANDARD = gnu99;
				GCC_DYNAMIC_NO_PIC = NO;
				GCC_NO_COMMON_BLOCKS = YES;
				GCC_OPTIMIZATION_LEVEL = 0;
				GCC_PREPROCESSOR_DEFINITIONS = (
					"DEBUG=1",
					"$(inherited)",
				);
				GCC_WARN_64_TO_32_BIT_CONVERSION = YES;
				GCC_WARN_ABOUT_RETURN_TYPE = YES_ERROR;
				GCC_WARN_UNDECLARED_SELECTOR = YES;
				GCC_WARN_UNINITIALIZED_AUTOS = YES_AGGRESSIVE;
				GCC_WARN_UNUSED_FUNCTION = YES;
				GCC_WARN_UNUSED_VARIABLE = YES;
				IPHONEOS_DEPLOYMENT_TARGET = 9.3;
				MTL_ENABLE_DEBUG_INFO = YES;
				ONLY_ACTIVE_ARCH = YES;
				SDKROOT = iphoneos;
			};
			name = Debug;
		};
		D5B31A591CFACA3000E2F5E7 /* Release */ = {
			isa = XCBuildConfiguration;
			buildSettings = {
				ALWAYS_SEARCH_USER_PATHS = NO;
				CLANG_ANALYZER_NONNULL = YES;
				CLANG_CXX_LANGUAGE_STANDARD = "gnu++0x";
				CLANG_CXX_LIBRARY = "libc++";
				CLANG_ENABLE_MODULES = YES;
				CLANG_ENABLE_OBJC_ARC = YES;
				CLANG_WARN_BOOL_CONVERSION = YES;
				CLANG_WARN_CONSTANT_CONVERSION = YES;
				CLANG_WARN_DIRECT_OBJC_ISA_USAGE = YES_ERROR;
				CLANG_WARN_EMPTY_BODY = YES;
				CLANG_WARN_ENUM_CONVERSION = YES;
				CLANG_WARN_INT_CONVERSION = YES;
				CLANG_WARN_OBJC_ROOT_CLASS = YES_ERROR;
				CLANG_WARN_UNREACHABLE_CODE = YES;
				CLANG_WARN__DUPLICATE_METHOD_MATCH = YES;
				"CODE_SIGN_IDENTITY[sdk=iphoneos*]" = "iPhone Developer";
				COPY_PHASE_STRIP = NO;
				DEBUG_INFORMATION_FORMAT = "dwarf-with-dsym";
				ENABLE_NS_ASSERTIONS = NO;
				ENABLE_STRICT_OBJC_MSGSEND = YES;
				GCC_C_LANGUAGE_STANDARD = gnu99;
				GCC_NO_COMMON_BLOCKS = YES;
				GCC_WARN_64_TO_32_BIT_CONVERSION = YES;
				GCC_WARN_ABOUT_RETURN_TYPE = YES_ERROR;
				GCC_WARN_UNDECLARED_SELECTOR = YES;
				GCC_WARN_UNINITIALIZED_AUTOS = YES_AGGRESSIVE;
				GCC_WARN_UNUSED_FUNCTION = YES;
				GCC_WARN_UNUSED_VARIABLE = YES;
				IPHONEOS_DEPLOYMENT_TARGET = 9.3;
				MTL_ENABLE_DEBUG_INFO = NO;
				SDKROOT = iphoneos;
				VALIDATE_PRODUCT = YES;
			};
			name = Release;
		};
		D5B31A5B1CFACA3000E2F5E7 /* Debug */ = {
			isa = XCBuildConfiguration;
			buildSettings = {
				ASSETCATALOG_COMPILER_APPICON_NAME = AppIcon;
				INFOPLIST_FILE = DGSlimeView/Info.plist;
				LD_RUNPATH_SEARCH_PATHS = "$(inherited) @executable_path/Frameworks";
				PRODUCT_BUNDLE_IDENTIFIER = desgard.express.DGSlimeView;
				PRODUCT_NAME = "$(TARGET_NAME)";
			};
			name = Debug;
		};
		D5B31A5C1CFACA3000E2F5E7 /* Release */ = {
			isa = XCBuildConfiguration;
			buildSettings = {
				ASSETCATALOG_COMPILER_APPICON_NAME = AppIcon;
				INFOPLIST_FILE = DGSlimeView/Info.plist;
				LD_RUNPATH_SEARCH_PATHS = "$(inherited) @executable_path/Frameworks";
				PRODUCT_BUNDLE_IDENTIFIER = desgard.express.DGSlimeView;
				PRODUCT_NAME = "$(TARGET_NAME)";
			};
			name = Release;
		};
		D5B31A751CFB30B000E2F5E7 /* Debug */ = {
			isa = XCBuildConfiguration;
			buildSettings = {
				BUNDLE_LOADER = "$(TEST_HOST)";
				INFOPLIST_FILE = DGSlimeViewTests/Info.plist;
				LD_RUNPATH_SEARCH_PATHS = "$(inherited) @executable_path/Frameworks @loader_path/Frameworks";
				PRODUCT_BUNDLE_IDENTIFIER = desgard.express.DGSlimeViewTests;
				PRODUCT_NAME = "$(TARGET_NAME)";
				TEST_HOST = "$(BUILT_PRODUCTS_DIR)/DGSlimeView.app/DGSlimeView";
			};
			name = Debug;
		};
		D5B31A761CFB30B000E2F5E7 /* Release */ = {
			isa = XCBuildConfiguration;
			buildSettings = {
				BUNDLE_LOADER = "$(TEST_HOST)";
				INFOPLIST_FILE = DGSlimeViewTests/Info.plist;
				LD_RUNPATH_SEARCH_PATHS = "$(inherited) @executable_path/Frameworks @loader_path/Frameworks";
				PRODUCT_BUNDLE_IDENTIFIER = desgard.express.DGSlimeViewTests;
				PRODUCT_NAME = "$(TARGET_NAME)";
				TEST_HOST = "$(BUILT_PRODUCTS_DIR)/DGSlimeView.app/DGSlimeView";
			};
			name = Release;
		};
		D5B31A831CFB383100E2F5E7 /* Debug */ = {
			isa = XCBuildConfiguration;
			buildSettings = {
				INFOPLIST_FILE = DGSlimeViewUITests/Info.plist;
				LD_RUNPATH_SEARCH_PATHS = "$(inherited) @executable_path/Frameworks @loader_path/Frameworks";
				PRODUCT_BUNDLE_IDENTIFIER = desgard.express.DGSlimeViewUITests;
				PRODUCT_NAME = "$(TARGET_NAME)";
				TEST_TARGET_NAME = DGSlimeView;
			};
			name = Debug;
		};
		D5B31A841CFB383100E2F5E7 /* Release */ = {
			isa = XCBuildConfiguration;
			buildSettings = {
				INFOPLIST_FILE = DGSlimeViewUITests/Info.plist;
				LD_RUNPATH_SEARCH_PATHS = "$(inherited) @executable_path/Frameworks @loader_path/Frameworks";
				PRODUCT_BUNDLE_IDENTIFIER = desgard.express.DGSlimeViewUITests;
				PRODUCT_NAME = "$(TARGET_NAME)";
				TEST_TARGET_NAME = DGSlimeView;
			};
			name = Release;
		};
/* End XCBuildConfiguration section */

/* Begin XCConfigurationList section */
		D5B31A3E1CFACA3000E2F5E7 /* Build configuration list for PBXProject "DGSlimeView" */ = {
			isa = XCConfigurationList;
			buildConfigurations = (
				D5B31A581CFACA3000E2F5E7 /* Debug */,
				D5B31A591CFACA3000E2F5E7 /* Release */,
			);
			defaultConfigurationIsVisible = 0;
			defaultConfigurationName = Release;
		};
		D5B31A5A1CFACA3000E2F5E7 /* Build configuration list for PBXNativeTarget "DGSlimeView" */ = {
			isa = XCConfigurationList;
			buildConfigurations = (
				D5B31A5B1CFACA3000E2F5E7 /* Debug */,
				D5B31A5C1CFACA3000E2F5E7 /* Release */,
			);
			defaultConfigurationIsVisible = 0;
			defaultConfigurationName = Release;
		};
		D5B31A741CFB30B000E2F5E7 /* Build configuration list for PBXNativeTarget "DGSlimeViewTests" */ = {
			isa = XCConfigurationList;
			buildConfigurations = (
				D5B31A751CFB30B000E2F5E7 /* Debug */,
				D5B31A761CFB30B000E2F5E7 /* Release */,
			);
			defaultConfigurationIsVisible = 0;
			defaultConfigurationName = Release;
		};
		D5B31A821CFB383100E2F5E7 /* Build configuration list for PBXNativeTarget "DGSlimeViewUITests" */ = {
			isa = XCConfigurationList;
			buildConfigurations = (
				D5B31A831CFB383100E2F5E7 /* Debug */,
				D5B31A841CFB383100E2F5E7 /* Release */,
			);
			defaultConfigurationIsVisible = 0;
			defaultConfigurationName = Release;
		};
/* End XCConfigurationList section */
	};
	rootObject = D5B31A3B1CFACA3000E2F5E7 /* Project object */;
}
